
Microsoft Visual Studio Solution File, Format Version 12.00
# Visual Studio 15
VisualStudioVersion = 15.0.28010.2041
MinimumVisualStudioVersion = 10.0.40219.1
Project("{9A19103F-16F7-4668-BE54-9A1E7A4F7556}") = "CLIRedraw", "src\CLIRedraw\CLIRedraw.csproj", "{A469BBA2-C477-4DF6-9738-C5BB0615745F}"
EndProject
Project("{2150E333-8FDC-42A3-9474-1A3956D46DE8}") = "Examples", "Examples", "{85076631-E17A-41BD-959C-2AFA00A9E486}"
EndProject
Project("{FAE04EC0-301F-11D3-BF4B-00C04F79EFBC}") = "SimpleMenu", "src\Examples\SimpleMenu\SimpleMenu.csproj", "{4777D8DD-139C-4FCA-877C-BE641C5CDB38}"
EndProject
Global
	GlobalSection(SolutionConfigurationPlatforms) = preSolution
		Debug|Any CPU = Debug|Any CPU
		Release|Any CPU = Release|Any CPU
	EndGlobalSection
	GlobalSection(ProjectConfigurationPlatforms) = postSolution
		{A469BBA2-C477-4DF6-9738-C5BB0615745F}.Debug|Any CPU.ActiveCfg = Debug|Any CPU
		{A469BBA2-C477-4DF6-9738-C5BB0615745F}.Debug|Any CPU.Build.0 = Debug|Any CPU
		{A469BBA2-C477-4DF6-9738-C5BB0615745F}.Release|Any CPU.ActiveCfg = Release|Any CPU
		{A469BBA2-C477-4DF6-9738-C5BB0615745F}.Release|Any CPU.Build.0 = Release|Any CPU
		{4777D8DD-139C-4FCA-877C-BE641C5CDB38}.Debug|Any CPU.ActiveCfg = Debug|Any CPU
		{4777D8DD-139C-4FCA-877C-BE641C5CDB38}.Debug|Any CPU.Build.0 = Debug|Any CPU
		{4777D8DD-139C-4FCA-877C-BE641C5CDB38}.Release|Any CPU.ActiveCfg = Release|Any CPU
		{4777D8DD-139C-4FCA-877C-BE641C5CDB38}.Release|Any CPU.Build.0 = Release|Any CPU
	EndGlobalSection
	GlobalSection(SolutionProperties) = preSolution
		HideSolutionNode = FALSE
	EndGlobalSection
	GlobalSection(ExtensibilityGlobals) = postSolution
		SolutionGuid = {D53B657E-2415-4D29-AA92-14397453EE55}
	EndGlobalSection
EndGlobal
